// !$*UTF8*$!
{
	archiveVersion = 1;
	classes = {
	};
	objectVersion = 50;
	objects = {

/* Begin PBXBuildFile section */
		994C4ED4217F0C2A003A7C64 /* AppDelegate.swift in Sources */ = {isa = PBXBuildFile; fileRef = 994C4ED3217F0C2A003A7C64 /* AppDelegate.swift */; };
		994C4ED6217F0C2A003A7C64 /* OneImageViewController.swift in Sources */ = {isa = PBXBuildFile; fileRef = 994C4ED5217F0C2A003A7C64 /* OneImageViewController.swift */; };
		994C4ED9217F0C2A003A7C64 /* Main.storyboard in Resources */ = {isa = PBXBuildFile; fileRef = 994C4ED7217F0C2A003A7C64 /* Main.storyboard */; };
		994C4EDC217F0C2A003A7C64 /* CoolActionSheet.xcdatamodeld in Sources */ = {isa = PBXBuildFile; fileRef = 994C4EDA217F0C2A003A7C64 /* CoolActionSheet.xcdatamodeld */; };
		994C4EDE217F0C2C003A7C64 /* Assets.xcassets in Resources */ = {isa = PBXBuildFile; fileRef = 994C4EDD217F0C2C003A7C64 /* Assets.xcassets */; };
		994C4EE1217F0C2C003A7C64 /* LaunchScreen.storyboard in Resources */ = {isa = PBXBuildFile; fileRef = 994C4EDF217F0C2C003A7C64 /* LaunchScreen.storyboard */; };
		998F5560217F27FD00A81096 /* ImagesCollectionViewCell.swift in Sources */ = {isa = PBXBuildFile; fileRef = 998F555F217F27FD00A81096 /* ImagesCollectionViewCell.swift */; };
		9997DB3E21819F2000434BF0 /* TwoImagesViewController.swift in Sources */ = {isa = PBXBuildFile; fileRef = 9997DB3D21819F2000434BF0 /* TwoImagesViewController.swift */; };
		9997DB402181A9B100434BF0 /* .gitignore in Resources */ = {isa = PBXBuildFile; fileRef = 9997DB3F2181A9B100434BF0 /* .gitignore */; };
		99E9F3A5217F6578008C4CE5 /* ImageSheetViewController.swift in Sources */ = {isa = PBXBuildFile; fileRef = 99E9F3A4217F6578008C4CE5 /* ImageSheetViewController.swift */; };
/* End PBXBuildFile section */

/* Begin PBXFileReference section */
		994C4ED0217F0C2A003A7C64 /* CoolActionSheet.app */ = {isa = PBXFileReference; explicitFileType = wrapper.application; includeInIndex = 0; path = CoolActionSheet.app; sourceTree = BUILT_PRODUCTS_DIR; };
		994C4ED3217F0C2A003A7C64 /* AppDelegate.swift */ = {isa = PBXFileReference; lastKnownFileType = sourcecode.swift; path = AppDelegate.swift; sourceTree = "<group>"; };
		994C4ED5217F0C2A003A7C64 /* OneImageViewController.swift */ = {isa = PBXFileReference; lastKnownFileType = sourcecode.swift; path = OneImageViewController.swift; sourceTree = "<group>"; };
		994C4ED8217F0C2A003A7C64 /* Base */ = {isa = PBXFileReference; lastKnownFileType = file.storyboard; name = Base; path = Base.lproj/Main.storyboard; sourceTree = "<group>"; };
		994C4EDB217F0C2A003A7C64 /* CoolActionSheet.xcdatamodel */ = {isa = PBXFileReference; lastKnownFileType = wrapper.xcdatamodel; path = CoolActionSheet.xcdatamodel; sourceTree = "<group>"; };
		994C4EDD217F0C2C003A7C64 /* Assets.xcassets */ = {isa = PBXFileReference; lastKnownFileType = folder.assetcatalog; path = Assets.xcassets; sourceTree = "<group>"; };
		994C4EE0217F0C2C003A7C64 /* Base */ = {isa = PBXFileReference; lastKnownFileType = file.storyboard; name = Base; path = Base.lproj/LaunchScreen.storyboard; sourceTree = "<group>"; };
		994C4EE2217F0C2C003A7C64 /* Info.plist */ = {isa = PBXFileReference; lastKnownFileType = text.plist.xml; path = Info.plist; sourceTree = "<group>"; };
		998F555F217F27FD00A81096 /* ImagesCollectionViewCell.swift */ = {isa = PBXFileReference; lastKnownFileType = sourcecode.swift; path = ImagesCollectionViewCell.swift; sourceTree = "<group>"; };
		9997DB3D21819F2000434BF0 /* TwoImagesViewController.swift */ = {isa = PBXFileReference; lastKnownFileType = sourcecode.swift; path = TwoImagesViewController.swift; sourceTree = "<group>"; };
		9997DB3F2181A9B100434BF0 /* .gitignore */ = {isa = PBXFileReference; lastKnownFileType = text; path = .gitignore; sourceTree = "<group>"; };
		99E9F3A4217F6578008C4CE5 /* ImageSheetViewController.swift */ = {isa = PBXFileReference; lastKnownFileType = sourcecode.swift; path = ImageSheetViewController.swift; sourceTree = "<group>"; };
/* End PBXFileReference section */

/* Begin PBXFrameworksBuildPhase section */
		994C4ECD217F0C2A003A7C64 /* Frameworks */ = {
			isa = PBXFrameworksBuildPhase;
			buildActionMask = 2147483647;
			files = (
			);
			runOnlyForDeploymentPostprocessing = 0;
		};
/* End PBXFrameworksBuildPhase section */

/* Begin PBXGroup section */
		994C4EC7217F0C2A003A7C64 = {
			isa = PBXGroup;
			children = (
				9997DB3F2181A9B100434BF0 /* .gitignore */,
				994C4ED2217F0C2A003A7C64 /* CoolActionSheet */,
				994C4ED1217F0C2A003A7C64 /* Products */,
			);
			sourceTree = "<group>";
		};
		994C4ED1217F0C2A003A7C64 /* Products */ = {
			isa = PBXGroup;
			children = (
				994C4ED0217F0C2A003A7C64 /* CoolActionSheet.app */,
			);
			name = Products;
			sourceTree = "<group>";
		};
		994C4ED2217F0C2A003A7C64 /* CoolActionSheet */ = {
			isa = PBXGroup;
			children = (
				994C4EE8217F117D003A7C64 /* Sources */,
				994C4EE9217F118D003A7C64 /* Resources */,
			);
			path = CoolActionSheet;
			sourceTree = "<group>";
		};
		994C4EE8217F117D003A7C64 /* Sources */ = {
			isa = PBXGroup;
			children = (
				994C4ED3217F0C2A003A7C64 /* AppDelegate.swift */,
				9997DB412181AA8C00434BF0 /* Modules */,
			);
			path = Sources;
			sourceTree = "<group>";
		};
		994C4EE9217F118D003A7C64 /* Resources */ = {
			isa = PBXGroup;
			children = (
				994C4EEA217F11C0003A7C64 /* Storyboards */,
				994C4EDD217F0C2C003A7C64 /* Assets.xcassets */,
				994C4EE2217F0C2C003A7C64 /* Info.plist */,
				994C4EDA217F0C2A003A7C64 /* CoolActionSheet.xcdatamodeld */,
			);
			path = Resources;
			sourceTree = "<group>";
		};
		994C4EEA217F11C0003A7C64 /* Storyboards */ = {
			isa = PBXGroup;
			children = (
				994C4ED7217F0C2A003A7C64 /* Main.storyboard */,
				994C4EDF217F0C2C003A7C64 /* LaunchScreen.storyboard */,
			);
			path = Storyboards;
			sourceTree = "<group>";
		};
		9997DB412181AA8C00434BF0 /* Modules */ = {
			isa = PBXGroup;
			children = (
				9997DB432181AAA800434BF0 /* One Image View Controller */,
				9997DB442181AABD00434BF0 /* Two Images View Controller */,
				9997DB422181AA9800434BF0 /* Image Sheet */,
			);
			path = Modules;
			sourceTree = "<group>";
		};
		9997DB422181AA9800434BF0 /* Image Sheet */ = {
			isa = PBXGroup;
			children = (
				998F555F217F27FD00A81096 /* ImagesCollectionViewCell.swift */,
				99E9F3A4217F6578008C4CE5 /* ImageSheetViewController.swift */,
			);
			path = "Image Sheet";
			sourceTree = "<group>";
		};
		9997DB432181AAA800434BF0 /* One Image View Controller */ = {
			isa = PBXGroup;
			children = (
				994C4ED5217F0C2A003A7C64 /* OneImageViewController.swift */,
			);
			path = "One Image View Controller";
			sourceTree = "<group>";
		};
		9997DB442181AABD00434BF0 /* Two Images View Controller */ = {
			isa = PBXGroup;
			children = (
				9997DB3D21819F2000434BF0 /* TwoImagesViewController.swift */,
			);
			path = "Two Images View Controller";
			sourceTree = "<group>";
		};
/* End PBXGroup section */

/* Begin PBXNativeTarget section */
		994C4ECF217F0C2A003A7C64 /* CoolActionSheet */ = {
			isa = PBXNativeTarget;
			buildConfigurationList = 994C4EE5217F0C2C003A7C64 /* Build configuration list for PBXNativeTarget "CoolActionSheet" */;
			buildPhases = (
				994C4ECC217F0C2A003A7C64 /* Sources */,
				994C4ECD217F0C2A003A7C64 /* Frameworks */,
				994C4ECE217F0C2A003A7C64 /* Resources */,
			);
			buildRules = (
			);
			dependencies = (
			);
			name = CoolActionSheet;
			productName = CoolActionSheet;
			productReference = 994C4ED0217F0C2A003A7C64 /* CoolActionSheet.app */;
			productType = "com.apple.product-type.application";
		};
/* End PBXNativeTarget section */

/* Begin PBXProject section */
		994C4EC8217F0C2A003A7C64 /* Project object */ = {
			isa = PBXProject;
			attributes = {
				LastSwiftUpdateCheck = 1000;
				LastUpgradeCheck = 1000;
				ORGANIZATIONNAME = "Kovalenko Ilia";
				TargetAttributes = {
					994C4ECF217F0C2A003A7C64 = {
						CreatedOnToolsVersion = 10.0;
					};
				};
			};
			buildConfigurationList = 994C4ECB217F0C2A003A7C64 /* Build configuration list for PBXProject "CoolActionSheet" */;
			compatibilityVersion = "Xcode 9.3";
			developmentRegion = en;
			hasScannedForEncodings = 0;
			knownRegions = (
				en,
				Base,
			);
			mainGroup = 994C4EC7217F0C2A003A7C64;
			productRefGroup = 994C4ED1217F0C2A003A7C64 /* Products */;
			projectDirPath = "";
			projectRoot = "";
			targets = (
				994C4ECF217F0C2A003A7C64 /* CoolActionSheet */,
			);
		};
/* End PBXProject section */

/* Begin PBXResourcesBuildPhase section */
		994C4ECE217F0C2A003A7C64 /* Resources */ = {
			isa = PBXResourcesBuildPhase;
			buildActionMask = 2147483647;
			files = (
				9997DB402181A9B100434BF0 /* .gitignore in Resources */,
				994C4EE1217F0C2C003A7C64 /* LaunchScreen.storyboard in Resources */,
				994C4EDE217F0C2C003A7C64 /* Assets.xcassets in Resources */,
				994C4ED9217F0C2A003A7C64 /* Main.storyboard in Resources */,
			);
			runOnlyForDeploymentPostprocessing = 0;
		};
/* End PBXResourcesBuildPhase section */

/* Begin PBXSourcesBuildPhase section */
		994C4ECC217F0C2A003A7C64 /* Sources */ = {
			isa = PBXSourcesBuildPhase;
			buildActionMask = 2147483647;
			files = (
				9997DB3E21819F2000434BF0 /* TwoImagesViewController.swift in Sources */,
				994C4ED6217F0C2A003A7C64 /* OneImageViewController.swift in Sources */,
				99E9F3A5217F6578008C4CE5 /* ImageSheetViewController.swift in Sources */,
				994C4ED4217F0C2A003A7C64 /* AppDelegate.swift in Sources */,
				998F5560217F27FD00A81096 /* ImagesCollectionViewCell.swift in Sources */,
				994C4EDC217F0C2A003A7C64 /* CoolActionSheet.xcdatamodeld in Sources */,
			);
			runOnlyForDeploymentPostprocessing = 0;
		};
/* End PBXSourcesBuildPhase section */

/* Begin PBXVariantGroup section */
		994C4ED7217F0C2A003A7C64 /* Main.storyboard */ = {
			isa = PBXVariantGroup;
			children = (
				994C4ED8217F0C2A003A7C64 /* Base */,
			);
			name = Main.storyboard;
			sourceTree = "<group>";
		};
		994C4EDF217F0C2C003A7C64 /* LaunchScreen.storyboard */ = {
			isa = PBXVariantGroup;
			children = (
				994C4EE0217F0C2C003A7C64 /* Base */,
			);
			name = LaunchScreen.storyboard;
			sourceTree = "<group>";
		};
/* End PBXVariantGroup section */

/* Begin XCBuildConfiguration section */
		994C4EE3217F0C2C003A7C64 /* Debug */ = {
			isa = XCBuildConfiguration;
			buildSettings = {
				ALWAYS_SEARCH_USER_PATHS = NO;
				CLANG_ANALYZER_NONNULL = YES;
				CLANG_ANALYZER_NUMBER_OBJECT_CONVERSION = YES_AGGRESSIVE;
				CLANG_CXX_LANGUAGE_STANDARD = "gnu++14";
				CLANG_CXX_LIBRARY = "libc++";
				CLANG_ENABLE_MODULES = YES;
				CLANG_ENABLE_OBJC_ARC = YES;
				CLANG_ENABLE_OBJC_WEAK = YES;
				CLANG_WARN_BLOCK_CAPTURE_AUTORELEASING = YES;
				CLANG_WARN_BOOL_CONVERSION = YES;
				CLANG_WARN_COMMA = YES;
				CLANG_WARN_CONSTANT_CONVERSION = YES;
				CLANG_WARN_DEPRECATED_OBJC_IMPLEMENTATIONS = YES;
				CLANG_WARN_DIRECT_OBJC_ISA_USAGE = YES_ERROR;
				CLANG_WARN_DOCUMENTATION_COMMENTS = YES;
				CLANG_WARN_EMPTY_BODY = YES;
				CLANG_WARN_ENUM_CONVERSION = YES;
				CLANG_WARN_INFINITE_RECURSION = YES;
				CLANG_WARN_INT_CONVERSION = YES;
				CLANG_WARN_NON_LITERAL_NULL_CONVERSION = YES;
				CLANG_WARN_OBJC_IMPLICIT_RETAIN_SELF = YES;
				CLANG_WARN_OBJC_LITERAL_CONVERSION = YES;
				CLANG_WARN_OBJC_ROOT_CLASS = YES_ERROR;
				CLANG_WARN_RANGE_LOOP_ANALYSIS = YES;
				CLANG_WARN_STRICT_PROTOTYPES = YES;
				CLANG_WARN_SUSPICIOUS_MOVE = YES;
				CLANG_WARN_UNGUARDED_AVAILABILITY = YES_AGGRESSIVE;
				CLANG_WARN_UNREACHABLE_CODE = YES;
				CLANG_WARN__DUPLICATE_METHOD_MATCH = YES;
				CODE_SIGN_IDENTITY = "iPhone Developer";
				COPY_PHASE_STRIP = NO;
				DEBUG_INFORMATION_FORMAT = dwarf;
				ENABLE_STRICT_OBJC_MSGSEND = YES;
				ENABLE_TESTABILITY = YES;
				GCC_C_LANGUAGE_STANDARD = gnu11;
				GCC_DYNAMIC_NO_PIC = NO;
				GCC_NO_COMMON_BLOCKS = YES;
				GCC_OPTIMIZATION_LEVEL = 0;
				GCC_PREPROCESSOR_DEFINITIONS = (
					"DEBUG=1",
					"$(inherited)",
				);
				GCC_WARN_64_TO_32_BIT_CONVERSION = YES;
				GCC_WARN_ABOUT_RETURN_TYPE = YES_ERROR;
				GCC_WARN_UNDECLARED_SELECTOR = YES;
				GCC_WARN_UNINITIALIZED_AUTOS = YES_AGGRESSIVE;
				GCC_WARN_UNUSED_FUNCTION = YES;
				GCC_WARN_UNUSED_VARIABLE = YES;
				IPHONEOS_DEPLOYMENT_TARGET = 12.0;
				MTL_ENABLE_DEBUG_INFO = INCLUDE_SOURCE;
				MTL_FAST_MATH = YES;
				ONLY_ACTIVE_ARCH = YES;
				SDKROOT = iphoneos;
				SWIFT_ACTIVE_COMPILATION_CONDITIONS = DEBUG;
				SWIFT_OPTIMIZATION_LEVEL = "-Onone";
			};
			name = Debug;
		};
		994C4EE4217F0C2C003A7C64 /* Release */ = {
			isa = XCBuildConfiguration;
			buildSettings = {
				ALWAYS_SEARCH_USER_PATHS = NO;
				CLANG_ANALYZER_NONNULL = YES;
				CLANG_ANALYZER_NUMBER_OBJECT_CONVERSION = YES_AGGRESSIVE;
				CLANG_CXX_LANGUAGE_STANDARD = "gnu++14";
				CLANG_CXX_LIBRARY = "libc++";
				CLANG_ENABLE_MODULES = YES;
				CLANG_ENABLE_OBJC_ARC = YES;
				CLANG_ENABLE_OBJC_WEAK = YES;
				CLANG_WARN_BLOCK_CAPTURE_AUTORELEASING = YES;
				CLANG_WARN_BOOL_CONVERSION = YES;
				CLANG_WARN_COMMA = YES;
				CLANG_WARN_CONSTANT_CONVERSION = YES;
				CLANG_WARN_DEPRECATED_OBJC_IMPLEMENTATIONS = YES;
				CLANG_WARN_DIRECT_OBJC_ISA_USAGE = YES_ERROR;
				CLANG_WARN_DOCUMENTATION_COMMENTS = YES;
				CLANG_WARN_EMPTY_BODY = YES;
				CLANG_WARN_ENUM_CONVERSION = YES;
				CLANG_WARN_INFINITE_RECURSION = YES;
				CLANG_WARN_INT_CONVERSION = YES;
				CLANG_WARN_NON_LITERAL_NULL_CONVERSION = YES;
				CLANG_WARN_OBJC_IMPLICIT_RETAIN_SELF = YES;
				CLANG_WARN_OBJC_LITERAL_CONVERSION = YES;
				CLANG_WARN_OBJC_ROOT_CLASS = YES_ERROR;
				CLANG_WARN_RANGE_LOOP_ANALYSIS = YES;
				CLANG_WARN_STRICT_PROTOTYPES = YES;
				CLANG_WARN_SUSPICIOUS_MOVE = YES;
				CLANG_WARN_UNGUARDED_AVAILABILITY = YES_AGGRESSIVE;
				CLANG_WARN_UNREACHABLE_CODE = YES;
				CLANG_WARN__DUPLICATE_METHOD_MATCH = YES;
				CODE_SIGN_IDENTITY = "iPhone Developer";
				COPY_PHASE_STRIP = NO;
				DEBUG_INFORMATION_FORMAT = "dwarf-with-dsym";
				ENABLE_NS_ASSERTIONS = NO;
				ENABLE_STRICT_OBJC_MSGSEND = YES;
				GCC_C_LANGUAGE_STANDARD = gnu11;
				GCC_NO_COMMON_BLOCKS = YES;
				GCC_WARN_64_TO_32_BIT_CONVERSION = YES;
				GCC_WARN_ABOUT_RETURN_TYPE = YES_ERROR;
				GCC_WARN_UNDECLARED_SELECTOR = YES;
				GCC_WARN_UNINITIALIZED_AUTOS = YES_AGGRESSIVE;
				GCC_WARN_UNUSED_FUNCTION = YES;
				GCC_WARN_UNUSED_VARIABLE = YES;
				IPHONEOS_DEPLOYMENT_TARGET = 12.0;
				MTL_ENABLE_DEBUG_INFO = NO;
				MTL_FAST_MATH = YES;
				SDKROOT = iphoneos;
				SWIFT_COMPILATION_MODE = wholemodule;
				SWIFT_OPTIMIZATION_LEVEL = "-O";
				VALIDATE_PRODUCT = YES;
			};
			name = Release;
		};
		994C4EE6217F0C2C003A7C64 /* Debug */ = {
			isa = XCBuildConfiguration;
			buildSettings = {
				ASSETCATALOG_COMPILER_APPICON_NAME = AppIcon;
				CODE_SIGN_STYLE = Automatic;
				DEVELOPMENT_TEAM = QJB3397G8M;
				INFOPLIST_FILE = "$(SRCROOT)/CoolActionSheet/Resources/Info.plist";
				LD_RUNPATH_SEARCH_PATHS = (
					"$(inherited)",
					"@executable_path/Frameworks",
				);
				PRODUCT_BUNDLE_IDENTIFIER = ru.kovalenko.CoolActionSheet;
				PRODUCT_NAME = "$(TARGET_NAME)";
				SWIFT_VERSION = 4.2;
				TARGETED_DEVICE_FAMILY = "1,2";
			};
			name = Debug;
		};
		994C4EE7217F0C2C003A7C64 /* Release */ = {
			isa = XCBuildConfiguration;
			buildSettings = {
				ASSETCATALOG_COMPILER_APPICON_NAME = AppIcon;
				CODE_SIGN_STYLE = Automatic;
				DEVELOPMENT_TEAM = QJB3397G8M;
				INFOPLIST_FILE = "$(SRCROOT)/CoolActionSheet/Resources/Info.plist";
				LD_RUNPATH_SEARCH_PATHS = (
					"$(inherited)",
					"@executable_path/Frameworks",
				);
				PRODUCT_BUNDLE_IDENTIFIER = ru.kovalenko.CoolActionSheet;
				PRODUCT_NAME = "$(TARGET_NAME)";
				SWIFT_VERSION = 4.2;
				TARGETED_DEVICE_FAMILY = "1,2";
			};
			name = Release;
		};
/* End XCBuildConfiguration section */

/* Begin XCConfigurationList section */
		994C4ECB217F0C2A003A7C64 /* Build configuration list for PBXProject "CoolActionSheet" */ = {
			isa = XCConfigurationList;
			buildConfigurations = (
				994C4EE3217F0C2C003A7C64 /* Debug */,
				994C4EE4217F0C2C003A7C64 /* Release */,
			);
			defaultConfigurationIsVisible = 0;
			defaultConfigurationName = Release;
		};
		994C4EE5217F0C2C003A7C64 /* Build configuration list for PBXNativeTarget "CoolActionSheet" */ = {
			isa = XCConfigurationList;
			buildConfigurations = (
				994C4EE6217F0C2C003A7C64 /* Debug */,
				994C4EE7217F0C2C003A7C64 /* Release */,
			);
			defaultConfigurationIsVisible = 0;
			defaultConfigurationName = Release;
		};
/* End XCConfigurationList section */

/* Begin XCVersionGroup section */
		994C4EDA217F0C2A003A7C64 /* CoolActionSheet.xcdatamodeld */ = {
			isa = XCVersionGroup;
			children = (
				994C4EDB217F0C2A003A7C64 /* CoolActionSheet.xcdatamodel */,
			);
			currentVersion = 994C4EDB217F0C2A003A7C64 /* CoolActionSheet.xcdatamodel */;
			path = CoolActionSheet.xcdatamodeld;
			sourceTree = "<group>";
			versionGroupType = wrapper.xcdatamodel;
		};
/* End XCVersionGroup section */
	};
	rootObject = 994C4EC8217F0C2A003A7C64 /* Project object */;
}
